
Microsoft Visual Studio Solution File, Format Version 12.00
# Visual Studio 15
Project("{FAE04EC0-301F-11D3-BF4B-00C04F79EFBC}") = "TestingGeo.Android", "TestingGeo.Android\TestingGeo.Android.csproj", "{392BCA86-F5AC-4C30-983C-565F0D71757B}"
EndProject
Project("{FAE04EC0-301F-11D3-BF4B-00C04F79EFBC}") = "TestingGeo.iOS", "TestingGeo.iOS\TestingGeo.iOS.csproj", "{2EB6C8F7-A6B9-426C-9A55-84FD09951511}"
EndProject
Project("{FAE04EC0-301F-11D3-BF4B-00C04F79EFBC}") = "TestingGeo", "TestingGeo\TestingGeo.csproj", "{3A751FE7-AC16-4CD3-BE26-A24C1E5C387F}"
EndProject
Project("{FAE04EC0-301F-11D3-BF4B-00C04F79EFBC}") = "TestingGeoUnitTests", "TestingGeoUnitTests\TestingGeoUnitTests.csproj", "{58C7F352-AB45-4675-80E3-31B591C6101A}"
EndProject
Global
	GlobalSection(SolutionConfigurationPlatforms) = preSolution
		Debug|Any CPU = Debug|Any CPU
		Release|Any CPU = Release|Any CPU
		Debug|iPhoneSimulator = Debug|iPhoneSimulator
		Release|iPhoneSimulator = Release|iPhoneSimulator
		Debug|iPhone = Debug|iPhone
		Release|iPhone = Release|iPhone
	EndGlobalSection
	GlobalSection(ProjectConfigurationPlatforms) = postSolution
		{392BCA86-F5AC-4C30-983C-565F0D71757B}.Debug|Any CPU.ActiveCfg = Debug|Any CPU
		{392BCA86-F5AC-4C30-983C-565F0D71757B}.Debug|Any CPU.Build.0 = Debug|Any CPU
		{392BCA86-F5AC-4C30-983C-565F0D71757B}.Release|Any CPU.ActiveCfg = Release|Any CPU
		{392BCA86-F5AC-4C30-983C-565F0D71757B}.Release|Any CPU.Build.0 = Release|Any CPU
		{392BCA86-F5AC-4C30-983C-565F0D71757B}.Debug|iPhoneSimulator.ActiveCfg = Debug|Any CPU
		{392BCA86-F5AC-4C30-983C-565F0D71757B}.Debug|iPhoneSimulator.Build.0 = Debug|Any CPU
		{392BCA86-F5AC-4C30-983C-565F0D71757B}.Release|iPhoneSimulator.ActiveCfg = Release|Any CPU
		{392BCA86-F5AC-4C30-983C-565F0D71757B}.Release|iPhoneSimulator.Build.0 = Release|Any CPU
		{392BCA86-F5AC-4C30-983C-565F0D71757B}.Debug|iPhone.ActiveCfg = Debug|Any CPU
		{392BCA86-F5AC-4C30-983C-565F0D71757B}.Debug|iPhone.Build.0 = Debug|Any CPU
		{392BCA86-F5AC-4C30-983C-565F0D71757B}.Release|iPhone.ActiveCfg = Release|Any CPU
		{392BCA86-F5AC-4C30-983C-565F0D71757B}.Release|iPhone.Build.0 = Release|Any CPU
		{2EB6C8F7-A6B9-426C-9A55-84FD09951511}.Debug|Any CPU.ActiveCfg = Debug|iPhoneSimulator
		{2EB6C8F7-A6B9-426C-9A55-84FD09951511}.Debug|Any CPU.Build.0 = Debug|iPhoneSimulator
		{2EB6C8F7-A6B9-426C-9A55-84FD09951511}.Release|Any CPU.ActiveCfg = Release|iPhoneSimulator
		{2EB6C8F7-A6B9-426C-9A55-84FD09951511}.Release|Any CPU.Build.0 = Release|iPhoneSimulator
		{2EB6C8F7-A6B9-426C-9A55-84FD09951511}.Debug|iPhoneSimulator.ActiveCfg = Debug|iPhoneSimulator
		{2EB6C8F7-A6B9-426C-9A55-84FD09951511}.Debug|iPhoneSimulator.Build.0 = Debug|iPhoneSimulator
		{2EB6C8F7-A6B9-426C-9A55-84FD09951511}.Release|iPhoneSimulator.ActiveCfg = Release|iPhoneSimulator
		{2EB6C8F7-A6B9-426C-9A55-84FD09951511}.Release|iPhoneSimulator.Build.0 = Release|iPhoneSimulator
		{2EB6C8F7-A6B9-426C-9A55-84FD09951511}.Debug|iPhone.ActiveCfg = Debug|iPhone
		{2EB6C8F7-A6B9-426C-9A55-84FD09951511}.Debug|iPhone.Build.0 = Debug|iPhone
		{2EB6C8F7-A6B9-426C-9A55-84FD09951511}.Release|iPhone.ActiveCfg = Release|iPhone
		{2EB6C8F7-A6B9-426C-9A55-84FD09951511}.Release|iPhone.Build.0 = Release|iPhone
		{3A751FE7-AC16-4CD3-BE26-A24C1E5C387F}.Debug|Any CPU.ActiveCfg = Debug|Any CPU
		{3A751FE7-AC16-4CD3-BE26-A24C1E5C387F}.Debug|Any CPU.Build.0 = Debug|Any CPU
		{3A751FE7-AC16-4CD3-BE26-A24C1E5C387F}.Release|Any CPU.ActiveCfg = Release|Any CPU
		{3A751FE7-AC16-4CD3-BE26-A24C1E5C387F}.Release|Any CPU.Build.0 = Release|Any CPU
		{3A751FE7-AC16-4CD3-BE26-A24C1E5C387F}.Debug|iPhoneSimulator.ActiveCfg = Debug|Any CPU
		{3A751FE7-AC16-4CD3-BE26-A24C1E5C387F}.Debug|iPhoneSimulator.Build.0 = Debug|Any CPU
		{3A751FE7-AC16-4CD3-BE26-A24C1E5C387F}.Release|iPhoneSimulator.ActiveCfg = Release|Any CPU
		{3A751FE7-AC16-4CD3-BE26-A24C1E5C387F}.Release|iPhoneSimulator.Build.0 = Release|Any CPU
		{3A751FE7-AC16-4CD3-BE26-A24C1E5C387F}.Debug|iPhone.ActiveCfg = Debug|Any CPU
		{3A751FE7-AC16-4CD3-BE26-A24C1E5C387F}.Debug|iPhone.Build.0 = Debug|Any CPU
		{3A751FE7-AC16-4CD3-BE26-A24C1E5C387F}.Release|iPhone.ActiveCfg = Release|Any CPU
		{3A751FE7-AC16-4CD3-BE26-A24C1E5C387F}.Release|iPhone.Build.0 = Release|Any CPU
		{58C7F352-AB45-4675-80E3-31B591C6101A}.Debug|Any CPU.ActiveCfg = Debug|Any CPU
		{58C7F352-AB45-4675-80E3-31B591C6101A}.Debug|Any CPU.Build.0 = Debug|Any CPU
		{58C7F352-AB45-4675-80E3-31B591C6101A}.Release|Any CPU.ActiveCfg = Release|Any CPU
		{58C7F352-AB45-4675-80E3-31B591C6101A}.Release|Any CPU.Build.0 = Release|Any CPU
		{58C7F352-AB45-4675-80E3-31B591C6101A}.Debug|iPhoneSimulator.ActiveCfg = Debug|Any CPU
		{58C7F352-AB45-4675-80E3-31B591C6101A}.Debug|iPhoneSimulator.Build.0 = Debug|Any CPU
		{58C7F352-AB45-4675-80E3-31B591C6101A}.Release|iPhoneSimulator.ActiveCfg = Release|Any CPU
		{58C7F352-AB45-4675-80E3-31B591C6101A}.Release|iPhoneSimulator.Build.0 = Release|Any CPU
		{58C7F352-AB45-4675-80E3-31B591C6101A}.Debug|iPhone.ActiveCfg = Debug|Any CPU
		{58C7F352-AB45-4675-80E3-31B591C6101A}.Debug|iPhone.Build.0 = Debug|Any CPU
		{58C7F352-AB45-4675-80E3-31B591C6101A}.Release|iPhone.ActiveCfg = Release|Any CPU
		{58C7F352-AB45-4675-80E3-31B591C6101A}.Release|iPhone.Build.0 = Release|Any CPU
	EndGlobalSection
EndGlobal
